// !$*UTF8*$!
{
	archiveVersion = 1;
	classes = {
	};
	objectVersion = 56;
	objects = {

/* Begin PBXBuildFile section */
		4C01DCBC2B6AFBE50017CC04 /* AppDelegate.swift in Sources */ = {isa = PBXBuildFile; fileRef = 4C01DCBB2B6AFBE50017CC04 /* AppDelegate.swift */; };
		4C01DCBE2B6AFBE50017CC04 /* SceneDelegate.swift in Sources */ = {isa = PBXBuildFile; fileRef = 4C01DCBD2B6AFBE50017CC04 /* SceneDelegate.swift */; };
		4C01DCC02B6AFBE50017CC04 /* ViewController.swift in Sources */ = {isa = PBXBuildFile; fileRef = 4C01DCBF2B6AFBE50017CC04 /* ViewController.swift */; };
		4C01DCC52B6AFBE70017CC04 /* Assets.xcassets in Resources */ = {isa = PBXBuildFile; fileRef = 4C01DCC42B6AFBE70017CC04 /* Assets.xcassets */; };
		4C01DCD12B6B47DC0017CC04 /* MyObjectiveCClass.m in Sources */ = {isa = PBXBuildFile; fileRef = 4C01DCD02B6B47DC0017CC04 /* MyObjectiveCClass.m */; };
		4C01DCD42B6B5E6E0017CC04 /* MySwiftClass.swift in Sources */ = {isa = PBXBuildFile; fileRef = 4C01DCD32B6B5E6E0017CC04 /* MySwiftClass.swift */; };
		4C01DCD62B6BC9C10017CC04 /* MiddleLayer.m in Sources */ = {isa = PBXBuildFile; fileRef = 4C01DCD52B6BC9C10017CC04 /* MiddleLayer.m */; };
		4C01DCD92B6BCD180017CC04 /* TaskManager.swift in Sources */ = {isa = PBXBuildFile; fileRef = 4C01DCD82B6BCD180017CC04 /* TaskManager.swift */; };
		4C01DCDB2B6BCD470017CC04 /* TaskHandler.swift in Sources */ = {isa = PBXBuildFile; fileRef = 4C01DCDA2B6BCD470017CC04 /* TaskHandler.swift */; };
		4C01DCE42B6C3EDC0017CC04 /* TaskHandler.m in Sources */ = {isa = PBXBuildFile; fileRef = 4C01DCE32B6C3EDC0017CC04 /* TaskHandler.m */; };
		4C01DCE62B6C3F170017CC04 /* TaskManager.m in Sources */ = {isa = PBXBuildFile; fileRef = 4C01DCE52B6C3F170017CC04 /* TaskManager.m */; };
		4C01DCE82B6C42AB0017CC04 /* SingletonInSwift.swift in Sources */ = {isa = PBXBuildFile; fileRef = 4C01DCE72B6C42AB0017CC04 /* SingletonInSwift.swift */; };
		4C4D085E2B7FA64D000EFCA1 /* UIKitViewControllerWrapper.swift in Sources */ = {isa = PBXBuildFile; fileRef = 4C4D085D2B7FA64D000EFCA1 /* UIKitViewControllerWrapper.swift */; };
		4C4D08602B7FA664000EFCA1 /* ContentView.swift in Sources */ = {isa = PBXBuildFile; fileRef = 4C4D085F2B7FA664000EFCA1 /* ContentView.swift */; };
/* End PBXBuildFile section */

/* Begin PBXFileReference section */
		4C01DCB82B6AFBE50017CC04 /* Objc in Swift app.app */ = {isa = PBXFileReference; explicitFileType = wrapper.application; includeInIndex = 0; path = "Objc in Swift app.app"; sourceTree = BUILT_PRODUCTS_DIR; };
		4C01DCBB2B6AFBE50017CC04 /* AppDelegate.swift */ = {isa = PBXFileReference; lastKnownFileType = sourcecode.swift; path = AppDelegate.swift; sourceTree = "<group>"; };
		4C01DCBD2B6AFBE50017CC04 /* SceneDelegate.swift */ = {isa = PBXFileReference; lastKnownFileType = sourcecode.swift; path = SceneDelegate.swift; sourceTree = "<group>"; };
		4C01DCBF2B6AFBE50017CC04 /* ViewController.swift */ = {isa = PBXFileReference; lastKnownFileType = sourcecode.swift; path = ViewController.swift; sourceTree = "<group>"; };
		4C01DCC42B6AFBE70017CC04 /* Assets.xcassets */ = {isa = PBXFileReference; lastKnownFileType = folder.assetcatalog; path = Assets.xcassets; sourceTree = "<group>"; };
		4C01DCC92B6AFBE70017CC04 /* Info.plist */ = {isa = PBXFileReference; lastKnownFileType = text.plist.xml; path = Info.plist; sourceTree = "<group>"; };
		4C01DCCF2B6B47DB0017CC04 /* Objc in Swift app-Bridging-Header.h */ = {isa = PBXFileReference; lastKnownFileType = sourcecode.c.h; path = "Objc in Swift app-Bridging-Header.h"; sourceTree = "<group>"; };
		4C01DCD02B6B47DC0017CC04 /* MyObjectiveCClass.m */ = {isa = PBXFileReference; lastKnownFileType = sourcecode.c.objc; path = MyObjectiveCClass.m; sourceTree = "<group>"; };
		4C01DCD22B6B480C0017CC04 /* MyObjectiveCClass.h */ = {isa = PBXFileReference; lastKnownFileType = sourcecode.c.h; path = MyObjectiveCClass.h; sourceTree = "<group>"; };
		4C01DCD32B6B5E6E0017CC04 /* MySwiftClass.swift */ = {isa = PBXFileReference; lastKnownFileType = sourcecode.swift; path = MySwiftClass.swift; sourceTree = "<group>"; };
		4C01DCD52B6BC9C10017CC04 /* MiddleLayer.m */ = {isa = PBXFileReference; lastKnownFileType = sourcecode.c.objc; path = MiddleLayer.m; sourceTree = "<group>"; };
		4C01DCD72B6BC9CC0017CC04 /* MiddleLayer.h */ = {isa = PBXFileReference; lastKnownFileType = sourcecode.c.h; path = MiddleLayer.h; sourceTree = "<group>"; };
		4C01DCD82B6BCD180017CC04 /* TaskManager.swift */ = {isa = PBXFileReference; lastKnownFileType = sourcecode.swift; path = TaskManager.swift; sourceTree = "<group>"; };
		4C01DCDA2B6BCD470017CC04 /* TaskHandler.swift */ = {isa = PBXFileReference; lastKnownFileType = sourcecode.swift; path = TaskHandler.swift; sourceTree = "<group>"; };
		4C01DCE02B6C3E6B0017CC04 /* TaskDelegate.h */ = {isa = PBXFileReference; lastKnownFileType = sourcecode.c.h; path = TaskDelegate.h; sourceTree = "<group>"; };
		4C01DCE12B6C3E900017CC04 /* TaskManager.h */ = {isa = PBXFileReference; lastKnownFileType = sourcecode.c.h; path = TaskManager.h; sourceTree = "<group>"; };
		4C01DCE22B6C3EAF0017CC04 /* TaskHandler.h */ = {isa = PBXFileReference; lastKnownFileType = sourcecode.c.h; path = TaskHandler.h; sourceTree = "<group>"; };
		4C01DCE32B6C3EDC0017CC04 /* TaskHandler.m */ = {isa = PBXFileReference; lastKnownFileType = sourcecode.c.objc; path = TaskHandler.m; sourceTree = "<group>"; };
		4C01DCE52B6C3F170017CC04 /* TaskManager.m */ = {isa = PBXFileReference; lastKnownFileType = sourcecode.c.objc; path = TaskManager.m; sourceTree = "<group>"; };
		4C01DCE72B6C42AB0017CC04 /* SingletonInSwift.swift */ = {isa = PBXFileReference; lastKnownFileType = sourcecode.swift; path = SingletonInSwift.swift; sourceTree = "<group>"; };
		4C4D085D2B7FA64D000EFCA1 /* UIKitViewControllerWrapper.swift */ = {isa = PBXFileReference; lastKnownFileType = sourcecode.swift; path = UIKitViewControllerWrapper.swift; sourceTree = "<group>"; };
		4C4D085F2B7FA664000EFCA1 /* ContentView.swift */ = {isa = PBXFileReference; lastKnownFileType = sourcecode.swift; path = ContentView.swift; sourceTree = "<group>"; };
/* End PBXFileReference section */

/* Begin PBXFrameworksBuildPhase section */
		4C01DCB52B6AFBE50017CC04 /* Frameworks */ = {
			isa = PBXFrameworksBuildPhase;
			buildActionMask = 2147483647;
			files = (
			);
			runOnlyForDeploymentPostprocessing = 0;
		};
/* End PBXFrameworksBuildPhase section */

/* Begin PBXGroup section */
		4C01DCAF2B6AFBE50017CC04 = {
			isa = PBXGroup;
			children = (
				4C01DCBA2B6AFBE50017CC04 /* Objc in Swift app */,
				4C01DCB92B6AFBE50017CC04 /* Products */,
			);
			sourceTree = "<group>";
		};
		4C01DCB92B6AFBE50017CC04 /* Products */ = {
			isa = PBXGroup;
			children = (
				4C01DCB82B6AFBE50017CC04 /* Objc in Swift app.app */,
			);
			name = Products;
			sourceTree = "<group>";
		};
		4C01DCBA2B6AFBE50017CC04 /* Objc in Swift app */ = {
			isa = PBXGroup;
			children = (
				4C01DCBB2B6AFBE50017CC04 /* AppDelegate.swift */,
				4C01DCBD2B6AFBE50017CC04 /* SceneDelegate.swift */,
				4C01DCBF2B6AFBE50017CC04 /* ViewController.swift */,
				4C4D08612B7FA678000EFCA1 /* UIKitWrapper */,
				4C01DCCF2B6B47DB0017CC04 /* Objc in Swift app-Bridging-Header.h */,
				4C4D08642B7FA78E000EFCA1 /* Objective-C */,
				4C4D08652B7FA7A2000EFCA1 /* Swift */,
				4C01DCC42B6AFBE70017CC04 /* Assets.xcassets */,
				4C01DCC92B6AFBE70017CC04 /* Info.plist */,
			);
			path = "Objc in Swift app";
			sourceTree = "<group>";
		};
		4C01DCDC2B6BCD670017CC04 /* DelegationInSwift */ = {
			isa = PBXGroup;
			children = (
				4C01DCD82B6BCD180017CC04 /* TaskManager.swift */,
				4C01DCDA2B6BCD470017CC04 /* TaskHandler.swift */,
			);
			path = DelegationInSwift;
			sourceTree = "<group>";
		};
		4C01DCDD2B6C3E480017CC04 /* DelegateInObjC */ = {
			isa = PBXGroup;
			children = (
				4C01DCE02B6C3E6B0017CC04 /* TaskDelegate.h */,
				4C01DCE12B6C3E900017CC04 /* TaskManager.h */,
				4C01DCE52B6C3F170017CC04 /* TaskManager.m */,
				4C01DCE22B6C3EAF0017CC04 /* TaskHandler.h */,
				4C01DCE32B6C3EDC0017CC04 /* TaskHandler.m */,
			);
			path = DelegateInObjC;
			sourceTree = "<group>";
		};
		4C4D08612B7FA678000EFCA1 /* UIKitWrapper */ = {
			isa = PBXGroup;
			children = (
				4C4D085D2B7FA64D000EFCA1 /* UIKitViewControllerWrapper.swift */,
				4C4D085F2B7FA664000EFCA1 /* ContentView.swift */,
			);
			path = UIKitWrapper;
			sourceTree = "<group>";
		};
		4C4D08622B7FA758000EFCA1 /* MyObjectiveCClass */ = {
			isa = PBXGroup;
			children = (
				4C01DCD22B6B480C0017CC04 /* MyObjectiveCClass.h */,
				4C01DCD02B6B47DC0017CC04 /* MyObjectiveCClass.m */,
			);
			path = MyObjectiveCClass;
			sourceTree = "<group>";
		};
		4C4D08632B7FA762000EFCA1 /* MiddleLayer */ = {
			isa = PBXGroup;
			children = (
				4C01DCD72B6BC9CC0017CC04 /* MiddleLayer.h */,
				4C01DCD52B6BC9C10017CC04 /* MiddleLayer.m */,
			);
			path = MiddleLayer;
			sourceTree = "<group>";
		};
		4C4D08642B7FA78E000EFCA1 /* Objective-C */ = {
			isa = PBXGroup;
			children = (
				4C4D08622B7FA758000EFCA1 /* MyObjectiveCClass */,
				4C4D08632B7FA762000EFCA1 /* MiddleLayer */,
				4C01DCDD2B6C3E480017CC04 /* DelegateInObjC */,
			);
			path = "Objective-C";
			sourceTree = "<group>";
		};
		4C4D08652B7FA7A2000EFCA1 /* Swift */ = {
			isa = PBXGroup;
			children = (
				4C01DCE72B6C42AB0017CC04 /* SingletonInSwift.swift */,
				4C01DCD32B6B5E6E0017CC04 /* MySwiftClass.swift */,
				4C01DCDC2B6BCD670017CC04 /* DelegationInSwift */,
			);
			path = Swift;
			sourceTree = "<group>";
		};
/* End PBXGroup section */

/* Begin PBXNativeTarget section */
		4C01DCB72B6AFBE50017CC04 /* Objc in Swift app */ = {
			isa = PBXNativeTarget;
			buildConfigurationList = 4C01DCCC2B6AFBE70017CC04 /* Build configuration list for PBXNativeTarget "Objc in Swift app" */;
			buildPhases = (
				4C01DCB42B6AFBE50017CC04 /* Sources */,
				4C01DCB52B6AFBE50017CC04 /* Frameworks */,
				4C01DCB62B6AFBE50017CC04 /* Resources */,
			);
			buildRules = (
			);
			dependencies = (
			);
			name = "Objc in Swift app";
			productName = "Objc in Swift app";
			productReference = 4C01DCB82B6AFBE50017CC04 /* Objc in Swift app.app */;
			productType = "com.apple.product-type.application";
		};
/* End PBXNativeTarget section */

/* Begin PBXProject section */
		4C01DCB02B6AFBE50017CC04 /* Project object */ = {
			isa = PBXProject;
			attributes = {
				BuildIndependentTargetsInParallel = 1;
				LastSwiftUpdateCheck = 1520;
				LastUpgradeCheck = 1520;
				TargetAttributes = {
					4C01DCB72B6AFBE50017CC04 = {
						CreatedOnToolsVersion = 15.2;
						LastSwiftMigration = 1520;
					};
				};
			};
			buildConfigurationList = 4C01DCB32B6AFBE50017CC04 /* Build configuration list for PBXProject "Objc in Swift app" */;
			compatibilityVersion = "Xcode 14.0";
			developmentRegion = en;
			hasScannedForEncodings = 0;
			knownRegions = (
				en,
				Base,
			);
			mainGroup = 4C01DCAF2B6AFBE50017CC04;
			productRefGroup = 4C01DCB92B6AFBE50017CC04 /* Products */;
			projectDirPath = "";
			projectRoot = "";
			targets = (
				4C01DCB72B6AFBE50017CC04 /* Objc in Swift app */,
			);
		};
/* End PBXProject section */

/* Begin PBXResourcesBuildPhase section */
		4C01DCB62B6AFBE50017CC04 /* Resources */ = {
			isa = PBXResourcesBuildPhase;
			buildActionMask = 2147483647;
			files = (
				4C01DCC52B6AFBE70017CC04 /* Assets.xcassets in Resources */,
			);
			runOnlyForDeploymentPostprocessing = 0;
		};
/* End PBXResourcesBuildPhase section */

/* Begin PBXSourcesBuildPhase section */
		4C01DCB42B6AFBE50017CC04 /* Sources */ = {
			isa = PBXSourcesBuildPhase;
			buildActionMask = 2147483647;
			files = (
				4C01DCD62B6BC9C10017CC04 /* MiddleLayer.m in Sources */,
				4C01DCD12B6B47DC0017CC04 /* MyObjectiveCClass.m in Sources */,
				4C01DCE62B6C3F170017CC04 /* TaskManager.m in Sources */,
				4C01DCE42B6C3EDC0017CC04 /* TaskHandler.m in Sources */,
				4C01DCC02B6AFBE50017CC04 /* ViewController.swift in Sources */,
				4C01DCE82B6C42AB0017CC04 /* SingletonInSwift.swift in Sources */,
				4C4D085E2B7FA64D000EFCA1 /* UIKitViewControllerWrapper.swift in Sources */,
				4C01DCBC2B6AFBE50017CC04 /* AppDelegate.swift in Sources */,
				4C01DCD42B6B5E6E0017CC04 /* MySwiftClass.swift in Sources */,
				4C01DCDB2B6BCD470017CC04 /* TaskHandler.swift in Sources */,
				4C4D08602B7FA664000EFCA1 /* ContentView.swift in Sources */,
				4C01DCD92B6BCD180017CC04 /* TaskManager.swift in Sources */,
				4C01DCBE2B6AFBE50017CC04 /* SceneDelegate.swift in Sources */,
			);
			runOnlyForDeploymentPostprocessing = 0;
		};
/* End PBXSourcesBuildPhase section */

/* Begin XCBuildConfiguration section */
		4C01DCCA2B6AFBE70017CC04 /* Debug */ = {
			isa = XCBuildConfiguration;
			buildSettings = {
				ALWAYS_SEARCH_USER_PATHS = NO;
				ASSETCATALOG_COMPILER_GENERATE_SWIFT_ASSET_SYMBOL_EXTENSIONS = YES;
				CLANG_ANALYZER_NONNULL = YES;
				CLANG_ANALYZER_NUMBER_OBJECT_CONVERSION = YES_AGGRESSIVE;
				CLANG_CXX_LANGUAGE_STANDARD = "gnu++20";
				CLANG_ENABLE_MODULES = YES;
				CLANG_ENABLE_OBJC_ARC = YES;
				CLANG_ENABLE_OBJC_WEAK = YES;
				CLANG_WARN_BLOCK_CAPTURE_AUTORELEASING = YES;
				CLANG_WARN_BOOL_CONVERSION = YES;
				CLANG_WARN_COMMA = YES;
				CLANG_WARN_CONSTANT_CONVERSION = YES;
				CLANG_WARN_DEPRECATED_OBJC_IMPLEMENTATIONS = YES;
				CLANG_WARN_DIRECT_OBJC_ISA_USAGE = YES_ERROR;
				CLANG_WARN_DOCUMENTATION_COMMENTS = YES;
				CLANG_WARN_EMPTY_BODY = YES;
				CLANG_WARN_ENUM_CONVERSION = YES;
				CLANG_WARN_INFINITE_RECURSION = YES;
				CLANG_WARN_INT_CONVERSION = YES;
				CLANG_WARN_NON_LITERAL_NULL_CONVERSION = YES;
				CLANG_WARN_OBJC_IMPLICIT_RETAIN_SELF = YES;
				CLANG_WARN_OBJC_LITERAL_CONVERSION = YES;
				CLANG_WARN_OBJC_ROOT_CLASS = YES_ERROR;
				CLANG_WARN_QUOTED_INCLUDE_IN_FRAMEWORK_HEADER = YES;
				CLANG_WARN_RANGE_LOOP_ANALYSIS = YES;
				CLANG_WARN_STRICT_PROTOTYPES = YES;
				CLANG_WARN_SUSPICIOUS_MOVE = YES;
				CLANG_WARN_UNGUARDED_AVAILABILITY = YES_AGGRESSIVE;
				CLANG_WARN_UNREACHABLE_CODE = YES;
				CLANG_WARN__DUPLICATE_METHOD_MATCH = YES;
				COPY_PHASE_STRIP = NO;
				DEBUG_INFORMATION_FORMAT = dwarf;
				ENABLE_STRICT_OBJC_MSGSEND = YES;
				ENABLE_TESTABILITY = YES;
				ENABLE_USER_SCRIPT_SANDBOXING = YES;
				GCC_C_LANGUAGE_STANDARD = gnu17;
				GCC_DYNAMIC_NO_PIC = NO;
				GCC_NO_COMMON_BLOCKS = YES;
				GCC_OPTIMIZATION_LEVEL = 0;
				GCC_PREPROCESSOR_DEFINITIONS = (
					"DEBUG=1",
					"$(inherited)",
				);
				GCC_WARN_64_TO_32_BIT_CONVERSION = YES;
				GCC_WARN_ABOUT_RETURN_TYPE = YES_ERROR;
				GCC_WARN_UNDECLARED_SELECTOR = YES;
				GCC_WARN_UNINITIALIZED_AUTOS = YES_AGGRESSIVE;
				GCC_WARN_UNUSED_FUNCTION = YES;
				GCC_WARN_UNUSED_VARIABLE = YES;
				IPHONEOS_DEPLOYMENT_TARGET = 17.2;
				LOCALIZATION_PREFERS_STRING_CATALOGS = YES;
				MTL_ENABLE_DEBUG_INFO = INCLUDE_SOURCE;
				MTL_FAST_MATH = YES;
				ONLY_ACTIVE_ARCH = YES;
				SDKROOT = iphoneos;
				SWIFT_ACTIVE_COMPILATION_CONDITIONS = "DEBUG $(inherited)";
				SWIFT_OPTIMIZATION_LEVEL = "-Onone";
			};
			name = Debug;
		};
		4C01DCCB2B6AFBE70017CC04 /* Release */ = {
			isa = XCBuildConfiguration;
			buildSettings = {
				ALWAYS_SEARCH_USER_PATHS = NO;
				ASSETCATALOG_COMPILER_GENERATE_SWIFT_ASSET_SYMBOL_EXTENSIONS = YES;
				CLANG_ANALYZER_NONNULL = YES;
				CLANG_ANALYZER_NUMBER_OBJECT_CONVERSION = YES_AGGRESSIVE;
				CLANG_CXX_LANGUAGE_STANDARD = "gnu++20";
				CLANG_ENABLE_MODULES = YES;
				CLANG_ENABLE_OBJC_ARC = YES;
				CLANG_ENABLE_OBJC_WEAK = YES;
				CLANG_WARN_BLOCK_CAPTURE_AUTORELEASING = YES;
				CLANG_WARN_BOOL_CONVERSION = YES;
				CLANG_WARN_COMMA = YES;
				CLANG_WARN_CONSTANT_CONVERSION = YES;
				CLANG_WARN_DEPRECATED_OBJC_IMPLEMENTATIONS = YES;
				CLANG_WARN_DIRECT_OBJC_ISA_USAGE = YES_ERROR;
				CLANG_WARN_DOCUMENTATION_COMMENTS = YES;
				CLANG_WARN_EMPTY_BODY = YES;
				CLANG_WARN_ENUM_CONVERSION = YES;
				CLANG_WARN_INFINITE_RECURSION = YES;
				CLANG_WARN_INT_CONVERSION = YES;
				CLANG_WARN_NON_LITERAL_NULL_CONVERSION = YES;
				CLANG_WARN_OBJC_IMPLICIT_RETAIN_SELF = YES;
				CLANG_WARN_OBJC_LITERAL_CONVERSION = YES;
				CLANG_WARN_OBJC_ROOT_CLASS = YES_ERROR;
				CLANG_WARN_QUOTED_INCLUDE_IN_FRAMEWORK_HEADER = YES;
				CLANG_WARN_RANGE_LOOP_ANALYSIS = YES;
				CLANG_WARN_STRICT_PROTOTYPES = YES;
				CLANG_WARN_SUSPICIOUS_MOVE = YES;
				CLANG_WARN_UNGUARDED_AVAILABILITY = YES_AGGRESSIVE;
				CLANG_WARN_UNREACHABLE_CODE = YES;
				CLANG_WARN__DUPLICATE_METHOD_MATCH = YES;
				COPY_PHASE_STRIP = NO;
				DEBUG_INFORMATION_FORMAT = "dwarf-with-dsym";
				ENABLE_NS_ASSERTIONS = NO;
				ENABLE_STRICT_OBJC_MSGSEND = YES;
				ENABLE_USER_SCRIPT_SANDBOXING = YES;
				GCC_C_LANGUAGE_STANDARD = gnu17;
				GCC_NO_COMMON_BLOCKS = YES;
				GCC_WARN_64_TO_32_BIT_CONVERSION = YES;
				GCC_WARN_ABOUT_RETURN_TYPE = YES_ERROR;
				GCC_WARN_UNDECLARED_SELECTOR = YES;
				GCC_WARN_UNINITIALIZED_AUTOS = YES_AGGRESSIVE;
				GCC_WARN_UNUSED_FUNCTION = YES;
				GCC_WARN_UNUSED_VARIABLE = YES;
				IPHONEOS_DEPLOYMENT_TARGET = 17.2;
				LOCALIZATION_PREFERS_STRING_CATALOGS = YES;
				MTL_ENABLE_DEBUG_INFO = NO;
				MTL_FAST_MATH = YES;
				SDKROOT = iphoneos;
				SWIFT_COMPILATION_MODE = wholemodule;
				VALIDATE_PRODUCT = YES;
			};
			name = Release;
		};
		4C01DCCD2B6AFBE70017CC04 /* Debug */ = {
			isa = XCBuildConfiguration;
			buildSettings = {
				ASSETCATALOG_COMPILER_APPICON_NAME = AppIcon;
				ASSETCATALOG_COMPILER_GLOBAL_ACCENT_COLOR_NAME = AccentColor;
				CLANG_ENABLE_MODULES = YES;
				CODE_SIGN_STYLE = Automatic;
				CURRENT_PROJECT_VERSION = 1;
				DEVELOPMENT_TEAM = 99WD9D6Y46;
				GENERATE_INFOPLIST_FILE = YES;
				INFOPLIST_FILE = "Objc in Swift app/Info.plist";
				INFOPLIST_KEY_UIApplicationSupportsIndirectInputEvents = YES;
				INFOPLIST_KEY_UISupportedInterfaceOrientations_iPad = "UIInterfaceOrientationPortrait UIInterfaceOrientationPortraitUpsideDown UIInterfaceOrientationLandscapeLeft UIInterfaceOrientationLandscapeRight";
				INFOPLIST_KEY_UISupportedInterfaceOrientations_iPhone = "UIInterfaceOrientationPortrait UIInterfaceOrientationLandscapeLeft UIInterfaceOrientationLandscapeRight";
				LD_RUNPATH_SEARCH_PATHS = (
					"$(inherited)",
					"@executable_path/Frameworks",
				);
				MARKETING_VERSION = 1.0;
				PRODUCT_BUNDLE_IDENTIFIER = "tech.CongLeSolutionX.Objc-in-Swift-app";
				PRODUCT_NAME = "$(TARGET_NAME)";
				SWIFT_EMIT_LOC_STRINGS = YES;
				SWIFT_OBJC_BRIDGING_HEADER = "Objc in Swift app/Objc in Swift app-Bridging-Header.h";
				SWIFT_OPTIMIZATION_LEVEL = "-Onone";
				SWIFT_VERSION = 5.0;
				TARGETED_DEVICE_FAMILY = "1,2";
			};
			name = Debug;
		};
		4C01DCCE2B6AFBE70017CC04 /* Release */ = {
			isa = XCBuildConfiguration;
			buildSettings = {
				ASSETCATALOG_COMPILER_APPICON_NAME = AppIcon;
				ASSETCATALOG_COMPILER_GLOBAL_ACCENT_COLOR_NAME = AccentColor;
				CLANG_ENABLE_MODULES = YES;
				CODE_SIGN_STYLE = Automatic;
				CURRENT_PROJECT_VERSION = 1;
				DEVELOPMENT_TEAM = 99WD9D6Y46;
				GENERATE_INFOPLIST_FILE = YES;
				INFOPLIST_FILE = "Objc in Swift app/Info.plist";
				INFOPLIST_KEY_UIApplicationSupportsIndirectInputEvents = YES;
				INFOPLIST_KEY_UISupportedInterfaceOrientations_iPad = "UIInterfaceOrientationPortrait UIInterfaceOrientationPortraitUpsideDown UIInterfaceOrientationLandscapeLeft UIInterfaceOrientationLandscapeRight";
				INFOPLIST_KEY_UISupportedInterfaceOrientations_iPhone = "UIInterfaceOrientationPortrait UIInterfaceOrientationLandscapeLeft UIInterfaceOrientationLandscapeRight";
				LD_RUNPATH_SEARCH_PATHS = (
					"$(inherited)",
					"@executable_path/Frameworks",
				);
				MARKETING_VERSION = 1.0;
				PRODUCT_BUNDLE_IDENTIFIER = "tech.CongLeSolutionX.Objc-in-Swift-app";
				PRODUCT_NAME = "$(TARGET_NAME)";
				SWIFT_EMIT_LOC_STRINGS = YES;
				SWIFT_OBJC_BRIDGING_HEADER = "Objc in Swift app/Objc in Swift app-Bridging-Header.h";
				SWIFT_VERSION = 5.0;
				TARGETED_DEVICE_FAMILY = "1,2";
			};
			name = Release;
		};
/* End XCBuildConfiguration section */

/* Begin XCConfigurationList section */
		4C01DCB32B6AFBE50017CC04 /* Build configuration list for PBXProject "Objc in Swift app" */ = {
			isa = XCConfigurationList;
			buildConfigurations = (
				4C01DCCA2B6AFBE70017CC04 /* Debug */,
				4C01DCCB2B6AFBE70017CC04 /* Release */,
			);
			defaultConfigurationIsVisible = 0;
			defaultConfigurationName = Release;
		};
		4C01DCCC2B6AFBE70017CC04 /* Build configuration list for PBXNativeTarget "Objc in Swift app" */ = {
			isa = XCConfigurationList;
			buildConfigurations = (
				4C01DCCD2B6AFBE70017CC04 /* Debug */,
				4C01DCCE2B6AFBE70017CC04 /* Release */,
			);
			defaultConfigurationIsVisible = 0;
			defaultConfigurationName = Release;
		};
/* End XCConfigurationList section */
	};
	rootObject = 4C01DCB02B6AFBE50017CC04 /* Project object */;
}
